
Microsoft Visual Studio Solution File, Format Version 12.00
# Visual Studio Version 16
VisualStudioVersion = 16.0.30225.117
MinimumVisualStudioVersion = 10.0.40219.1
Project("{9A19103F-16F7-4668-BE54-9A1E7A4F7556}") = "TaintFlowAnalyzer", "SecureCodeAnalyzer\TaintFlowAnalyzer\TaintFlowAnalyzer.csproj", "{3E7652B8-8E3C-411C-9BFF-D8BC5B6341F6}"
EndProject
Project("{FAE04EC0-301F-11D3-BF4B-00C04F79EFBC}") = "TaintAnalyzer.Vsix", "SecureCodeAnalyzer\TaintAnalyzer\TaintAnalyzer.Vsix.csproj", "{8E85A730-CB4D-4ECA-BE95-0664DC376DCF}"
EndProject
Project("{FAE04EC0-301F-11D3-BF4B-00C04F79EFBC}") = "CodeAnalyzerInstaller", "SecureCodeAnalyzer\CodeAnalyzerInstaller\CodeAnalyzerInstaller.csproj", "{0B02FB6F-726D-4F74-B82D-E1E04A0E9420}"
EndProject
Project("{9A19103F-16F7-4668-BE54-9A1E7A4F7556}") = "SecureAnalyerTest.Test", "SecureCodeAnalyzer\SecureAnalyerTest.Test\SecureAnalyerTest.Test.csproj", "{92D5F878-D2D2-4DDF-B29E-F579C90BD067}"
EndProject
Global
	GlobalSection(SolutionConfigurationPlatforms) = preSolution
		Debug|Any CPU = Debug|Any CPU
		Release|Any CPU = Release|Any CPU
	EndGlobalSection
	GlobalSection(ProjectConfigurationPlatforms) = postSolution
		{3E7652B8-8E3C-411C-9BFF-D8BC5B6341F6}.Debug|Any CPU.ActiveCfg = Debug|Any CPU
		{3E7652B8-8E3C-411C-9BFF-D8BC5B6341F6}.Debug|Any CPU.Build.0 = Debug|Any CPU
		{3E7652B8-8E3C-411C-9BFF-D8BC5B6341F6}.Release|Any CPU.ActiveCfg = Release|Any CPU
		{3E7652B8-8E3C-411C-9BFF-D8BC5B6341F6}.Release|Any CPU.Build.0 = Release|Any CPU
		{8E85A730-CB4D-4ECA-BE95-0664DC376DCF}.Debug|Any CPU.ActiveCfg = Debug|Any CPU
		{8E85A730-CB4D-4ECA-BE95-0664DC376DCF}.Debug|Any CPU.Build.0 = Debug|Any CPU
		{8E85A730-CB4D-4ECA-BE95-0664DC376DCF}.Release|Any CPU.ActiveCfg = Release|Any CPU
		{8E85A730-CB4D-4ECA-BE95-0664DC376DCF}.Release|Any CPU.Build.0 = Release|Any CPU
		{0B02FB6F-726D-4F74-B82D-E1E04A0E9420}.Debug|Any CPU.ActiveCfg = Debug|Any CPU
		{0B02FB6F-726D-4F74-B82D-E1E04A0E9420}.Debug|Any CPU.Build.0 = Debug|Any CPU
		{0B02FB6F-726D-4F74-B82D-E1E04A0E9420}.Release|Any CPU.ActiveCfg = Release|Any CPU
		{0B02FB6F-726D-4F74-B82D-E1E04A0E9420}.Release|Any CPU.Build.0 = Release|Any CPU
		{92D5F878-D2D2-4DDF-B29E-F579C90BD067}.Debug|Any CPU.ActiveCfg = Debug|Any CPU
		{92D5F878-D2D2-4DDF-B29E-F579C90BD067}.Debug|Any CPU.Build.0 = Debug|Any CPU
		{92D5F878-D2D2-4DDF-B29E-F579C90BD067}.Release|Any CPU.ActiveCfg = Release|Any CPU
		{92D5F878-D2D2-4DDF-B29E-F579C90BD067}.Release|Any CPU.Build.0 = Release|Any CPU
	EndGlobalSection
	GlobalSection(SolutionProperties) = preSolution
		HideSolutionNode = FALSE
	EndGlobalSection
	GlobalSection(ExtensibilityGlobals) = postSolution
		SolutionGuid = {BBB66211-8B3D-4AFA-A94F-D22B32C0347B}
	EndGlobalSection
EndGlobal
