
Microsoft Visual Studio Solution File, Format Version 12.00
# Visual Studio Version 16
VisualStudioVersion = 16.0.29709.97
MinimumVisualStudioVersion = 10.0.40219.1
Project("{9A19103F-16F7-4668-BE54-9A1E7A4F7556}") = "AESEncryption", "AESEncryption\AESEncryption.csproj", "{810C3E13-13A5-4CEF-961B-4CCD435BC8A2}"
EndProject
Global
	GlobalSection(SolutionConfigurationPlatforms) = preSolution
		Debug|Any CPU = Debug|Any CPU
		Release|Any CPU = Release|Any CPU
	EndGlobalSection
	GlobalSection(ProjectConfigurationPlatforms) = postSolution
		{810C3E13-13A5-4CEF-961B-4CCD435BC8A2}.Debug|Any CPU.ActiveCfg = Debug|Any CPU
		{810C3E13-13A5-4CEF-961B-4CCD435BC8A2}.Debug|Any CPU.Build.0 = Debug|Any CPU
		{810C3E13-13A5-4CEF-961B-4CCD435BC8A2}.Release|Any CPU.ActiveCfg = Release|Any CPU
		{810C3E13-13A5-4CEF-961B-4CCD435BC8A2}.Release|Any CPU.Build.0 = Release|Any CPU
	EndGlobalSection
	GlobalSection(SolutionProperties) = preSolution
		HideSolutionNode = FALSE
	EndGlobalSection
	GlobalSection(ExtensibilityGlobals) = postSolution
		SolutionGuid = {806E2403-0E02-4571-A31F-1D06318BB97A}
	EndGlobalSection
EndGlobal
